
Microsoft Visual Studio Solution File, Format Version 12.00
# Visual Studio 14
VisualStudioVersion = 14.0.23107.0
MinimumVisualStudioVersion = 10.0.40219.1
Project("{FAE04EC0-301F-11D3-BF4B-00C04F79EFBC}") = "asset_proof_of_concept_Xamarin.iOS", "asset-proof-of-concept-Xamarin\asset_proof_of_concept_Xamarin.iOS\asset_proof_of_concept_Xamarin.iOS.csproj", "{7D9EB5E8-0340-4F28-A5CD-9AF01F8F5E95}"
EndProject
Project("{FAE04EC0-301F-11D3-BF4B-00C04F79EFBC}") = "asset_proof_of_concept_Xamarin.Droid", "asset-proof-of-concept-Xamarin\asset_proof_of_concept_Xamarin.Droid\asset_proof_of_concept_Xamarin.Droid.csproj", "{EE0F6761-A642-4B32-A823-77F017528D96}"
EndProject
Project("{FAE04EC0-301F-11D3-BF4B-00C04F79EFBC}") = "asset_proof_of_concept_Xamarin.WinPhone", "asset-proof-of-concept-Xamarin\asset_proof_of_concept_Xamarin.WinPhone\asset_proof_of_concept_Xamarin.WinPhone.csproj", "{5C5098DF-28D0-409C-A355-234AFB6F34E5}"
EndProject
Project("{FAE04EC0-301F-11D3-BF4B-00C04F79EFBC}") = "RageAssetManager", "..\..\..\Visual Studio 2013\Projects\asset-proof-of-concept-demo_CSharp\RageAssetManager\RageAssetManager.csproj", "{DA8E9056-2E52-4029-81EB-A2D167614C47}"
EndProject
Project("{FAE04EC0-301F-11D3-BF4B-00C04F79EFBC}") = "RageAssets", "..\..\..\Visual Studio 2013\Projects\asset-proof-of-concept-demo_CSharp\RageAssets\RageAssets.csproj", "{4D1F98C7-6827-4F99-B676-F5C9AF632609}"
EndProject
Project("{FAE04EC0-301F-11D3-BF4B-00C04F79EFBC}") = "asset_proof_of_concept_Xamarin", "asset-proof-of-concept-Xamarin\asset_proof_of_concept_Xamarin\asset_proof_of_concept_Xamarin.csproj", "{03A1514E-AC4D-4545-9219-8D1F1A92EFEB}"
EndProject
Global
	GlobalSection(SolutionConfigurationPlatforms) = preSolution
		Ad-Hoc|Any CPU = Ad-Hoc|Any CPU
		Ad-Hoc|ARM = Ad-Hoc|ARM
		Ad-Hoc|iPhone = Ad-Hoc|iPhone
		Ad-Hoc|iPhoneSimulator = Ad-Hoc|iPhoneSimulator
		Ad-Hoc|x86 = Ad-Hoc|x86
		AppStore|Any CPU = AppStore|Any CPU
		AppStore|ARM = AppStore|ARM
		AppStore|iPhone = AppStore|iPhone
		AppStore|iPhoneSimulator = AppStore|iPhoneSimulator
		AppStore|x86 = AppStore|x86
		Debug|Any CPU = Debug|Any CPU
		Debug|ARM = Debug|ARM
		Debug|iPhone = Debug|iPhone
		Debug|iPhoneSimulator = Debug|iPhoneSimulator
		Debug|x86 = Debug|x86
		Release|Any CPU = Release|Any CPU
		Release|ARM = Release|ARM
		Release|iPhone = Release|iPhone
		Release|iPhoneSimulator = Release|iPhoneSimulator
		Release|x86 = Release|x86
	EndGlobalSection
	GlobalSection(ProjectConfigurationPlatforms) = postSolution
		{7D9EB5E8-0340-4F28-A5CD-9AF01F8F5E95}.Ad-Hoc|Any CPU.ActiveCfg = Ad-Hoc|iPhone
		{7D9EB5E8-0340-4F28-A5CD-9AF01F8F5E95}.Ad-Hoc|ARM.ActiveCfg = Ad-Hoc|iPhone
		{7D9EB5E8-0340-4F28-A5CD-9AF01F8F5E95}.Ad-Hoc|iPhone.ActiveCfg = Ad-Hoc|iPhone
		{7D9EB5E8-0340-4F28-A5CD-9AF01F8F5E95}.Ad-Hoc|iPhone.Build.0 = Ad-Hoc|iPhone
		{7D9EB5E8-0340-4F28-A5CD-9AF01F8F5E95}.Ad-Hoc|iPhoneSimulator.ActiveCfg = Ad-Hoc|iPhoneSimulator
		{7D9EB5E8-0340-4F28-A5CD-9AF01F8F5E95}.Ad-Hoc|iPhoneSimulator.Build.0 = Ad-Hoc|iPhoneSimulator
		{7D9EB5E8-0340-4F28-A5CD-9AF01F8F5E95}.Ad-Hoc|x86.ActiveCfg = Ad-Hoc|iPhone
		{7D9EB5E8-0340-4F28-A5CD-9AF01F8F5E95}.AppStore|Any CPU.ActiveCfg = AppStore|iPhone
		{7D9EB5E8-0340-4F28-A5CD-9AF01F8F5E95}.AppStore|ARM.ActiveCfg = AppStore|iPhone
		{7D9EB5E8-0340-4F28-A5CD-9AF01F8F5E95}.AppStore|iPhone.ActiveCfg = AppStore|iPhone
		{7D9EB5E8-0340-4F28-A5CD-9AF01F8F5E95}.AppStore|iPhone.Build.0 = AppStore|iPhone
		{7D9EB5E8-0340-4F28-A5CD-9AF01F8F5E95}.AppStore|iPhoneSimulator.ActiveCfg = AppStore|iPhoneSimulator
		{7D9EB5E8-0340-4F28-A5CD-9AF01F8F5E95}.AppStore|iPhoneSimulator.Build.0 = AppStore|iPhoneSimulator
		{7D9EB5E8-0340-4F28-A5CD-9AF01F8F5E95}.AppStore|x86.ActiveCfg = AppStore|iPhone
		{7D9EB5E8-0340-4F28-A5CD-9AF01F8F5E95}.Debug|Any CPU.ActiveCfg = Debug|iPhone
		{7D9EB5E8-0340-4F28-A5CD-9AF01F8F5E95}.Debug|ARM.ActiveCfg = Debug|iPhone
		{7D9EB5E8-0340-4F28-A5CD-9AF01F8F5E95}.Debug|iPhone.ActiveCfg = Debug|iPhone
		{7D9EB5E8-0340-4F28-A5CD-9AF01F8F5E95}.Debug|iPhone.Build.0 = Debug|iPhone
		{7D9EB5E8-0340-4F28-A5CD-9AF01F8F5E95}.Debug|iPhoneSimulator.ActiveCfg = Debug|iPhoneSimulator
		{7D9EB5E8-0340-4F28-A5CD-9AF01F8F5E95}.Debug|iPhoneSimulator.Build.0 = Debug|iPhoneSimulator
		{7D9EB5E8-0340-4F28-A5CD-9AF01F8F5E95}.Debug|x86.ActiveCfg = Debug|iPhone
		{7D9EB5E8-0340-4F28-A5CD-9AF01F8F5E95}.Release|Any CPU.ActiveCfg = Release|iPhone
		{7D9EB5E8-0340-4F28-A5CD-9AF01F8F5E95}.Release|ARM.ActiveCfg = Release|iPhone
		{7D9EB5E8-0340-4F28-A5CD-9AF01F8F5E95}.Release|iPhone.ActiveCfg = Release|iPhone
		{7D9EB5E8-0340-4F28-A5CD-9AF01F8F5E95}.Release|iPhone.Build.0 = Release|iPhone
		{7D9EB5E8-0340-4F28-A5CD-9AF01F8F5E95}.Release|iPhoneSimulator.ActiveCfg = Release|iPhoneSimulator
		{7D9EB5E8-0340-4F28-A5CD-9AF01F8F5E95}.Release|iPhoneSimulator.Build.0 = Release|iPhoneSimulator
		{7D9EB5E8-0340-4F28-A5CD-9AF01F8F5E95}.Release|x86.ActiveCfg = Release|iPhone
		{EE0F6761-A642-4B32-A823-77F017528D96}.Ad-Hoc|Any CPU.ActiveCfg = Release|Any CPU
		{EE0F6761-A642-4B32-A823-77F017528D96}.Ad-Hoc|Any CPU.Build.0 = Release|Any CPU
		{EE0F6761-A642-4B32-A823-77F017528D96}.Ad-Hoc|Any CPU.Deploy.0 = Release|Any CPU
		{EE0F6761-A642-4B32-A823-77F017528D96}.Ad-Hoc|ARM.ActiveCfg = Release|Any CPU
		{EE0F6761-A642-4B32-A823-77F017528D96}.Ad-Hoc|ARM.Build.0 = Release|Any CPU
		{EE0F6761-A642-4B32-A823-77F017528D96}.Ad-Hoc|ARM.Deploy.0 = Release|Any CPU
		{EE0F6761-A642-4B32-A823-77F017528D96}.Ad-Hoc|iPhone.ActiveCfg = Release|Any CPU
		{EE0F6761-A642-4B32-A823-77F017528D96}.Ad-Hoc|iPhone.Build.0 = Release|Any CPU
		{EE0F6761-A642-4B32-A823-77F017528D96}.Ad-Hoc|iPhone.Deploy.0 = Release|Any CPU
		{EE0F6761-A642-4B32-A823-77F017528D96}.Ad-Hoc|iPhoneSimulator.ActiveCfg = Release|Any CPU
		{EE0F6761-A642-4B32-A823-77F017528D96}.Ad-Hoc|iPhoneSimulator.Build.0 = Release|Any CPU
		{EE0F6761-A642-4B32-A823-77F017528D96}.Ad-Hoc|iPhoneSimulator.Deploy.0 = Release|Any CPU
		{EE0F6761-A642-4B32-A823-77F017528D96}.Ad-Hoc|x86.ActiveCfg = Release|Any CPU
		{EE0F6761-A642-4B32-A823-77F017528D96}.Ad-Hoc|x86.Build.0 = Release|Any CPU
		{EE0F6761-A642-4B32-A823-77F017528D96}.Ad-Hoc|x86.Deploy.0 = Release|Any CPU
		{EE0F6761-A642-4B32-A823-77F017528D96}.AppStore|Any CPU.ActiveCfg = Release|Any CPU
		{EE0F6761-A642-4B32-A823-77F017528D96}.AppStore|Any CPU.Build.0 = Release|Any CPU
		{EE0F6761-A642-4B32-A823-77F017528D96}.AppStore|Any CPU.Deploy.0 = Release|Any CPU
		{EE0F6761-A642-4B32-A823-77F017528D96}.AppStore|ARM.ActiveCfg = Release|Any CPU
		{EE0F6761-A642-4B32-A823-77F017528D96}.AppStore|ARM.Build.0 = Release|Any CPU
		{EE0F6761-A642-4B32-A823-77F017528D96}.AppStore|ARM.Deploy.0 = Release|Any CPU
		{EE0F6761-A642-4B32-A823-77F017528D96}.AppStore|iPhone.ActiveCfg = Release|Any CPU
		{EE0F6761-A642-4B32-A823-77F017528D96}.AppStore|iPhone.Build.0 = Release|Any CPU
		{EE0F6761-A642-4B32-A823-77F017528D96}.AppStore|iPhone.Deploy.0 = Release|Any CPU
		{EE0F6761-A642-4B32-A823-77F017528D96}.AppStore|iPhoneSimulator.ActiveCfg = Release|Any CPU
		{EE0F6761-A642-4B32-A823-77F017528D96}.AppStore|iPhoneSimulator.Build.0 = Release|Any CPU
		{EE0F6761-A642-4B32-A823-77F017528D96}.AppStore|iPhoneSimulator.Deploy.0 = Release|Any CPU
		{EE0F6761-A642-4B32-A823-77F017528D96}.AppStore|x86.ActiveCfg = Release|Any CPU
		{EE0F6761-A642-4B32-A823-77F017528D96}.AppStore|x86.Build.0 = Release|Any CPU
		{EE0F6761-A642-4B32-A823-77F017528D96}.AppStore|x86.Deploy.0 = Release|Any CPU
		{EE0F6761-A642-4B32-A823-77F017528D96}.Debug|Any CPU.ActiveCfg = Debug|Any CPU
		{EE0F6761-A642-4B32-A823-77F017528D96}.Debug|Any CPU.Build.0 = Debug|Any CPU
		{EE0F6761-A642-4B32-A823-77F017528D96}.Debug|Any CPU.Deploy.0 = Debug|Any CPU
		{EE0F6761-A642-4B32-A823-77F017528D96}.Debug|ARM.ActiveCfg = Debug|Any CPU
		{EE0F6761-A642-4B32-A823-77F017528D96}.Debug|ARM.Build.0 = Debug|Any CPU
		{EE0F6761-A642-4B32-A823-77F017528D96}.Debug|ARM.Deploy.0 = Debug|Any CPU
		{EE0F6761-A642-4B32-A823-77F017528D96}.Debug|iPhone.ActiveCfg = Debug|Any CPU
		{EE0F6761-A642-4B32-A823-77F017528D96}.Debug|iPhone.Build.0 = Debug|Any CPU
		{EE0F6761-A642-4B32-A823-77F017528D96}.Debug|iPhoneSimulator.ActiveCfg = Debug|Any CPU
		{EE0F6761-A642-4B32-A823-77F017528D96}.Debug|iPhoneSimulator.Build.0 = Debug|Any CPU
		{EE0F6761-A642-4B32-A823-77F017528D96}.Debug|iPhoneSimulator.Deploy.0 = Debug|Any CPU
		{EE0F6761-A642-4B32-A823-77F017528D96}.Debug|x86.ActiveCfg = Debug|Any CPU
		{EE0F6761-A642-4B32-A823-77F017528D96}.Debug|x86.Build.0 = Debug|Any CPU
		{EE0F6761-A642-4B32-A823-77F017528D96}.Debug|x86.Deploy.0 = Debug|Any CPU
		{EE0F6761-A642-4B32-A823-77F017528D96}.Release|Any CPU.ActiveCfg = Release|Any CPU
		{EE0F6761-A642-4B32-A823-77F017528D96}.Release|Any CPU.Build.0 = Release|Any CPU
		{EE0F6761-A642-4B32-A823-77F017528D96}.Release|Any CPU.Deploy.0 = Release|Any CPU
		{EE0F6761-A642-4B32-A823-77F017528D96}.Release|ARM.ActiveCfg = Release|Any CPU
		{EE0F6761-A642-4B32-A823-77F017528D96}.Release|ARM.Build.0 = Release|Any CPU
		{EE0F6761-A642-4B32-A823-77F017528D96}.Release|ARM.Deploy.0 = Release|Any CPU
		{EE0F6761-A642-4B32-A823-77F017528D96}.Release|iPhone.ActiveCfg = Release|Any CPU
		{EE0F6761-A642-4B32-A823-77F017528D96}.Release|iPhone.Build.0 = Release|Any CPU
		{EE0F6761-A642-4B32-A823-77F017528D96}.Release|iPhone.Deploy.0 = Release|Any CPU
		{EE0F6761-A642-4B32-A823-77F017528D96}.Release|iPhoneSimulator.ActiveCfg = Release|Any CPU
		{EE0F6761-A642-4B32-A823-77F017528D96}.Release|iPhoneSimulator.Build.0 = Release|Any CPU
		{EE0F6761-A642-4B32-A823-77F017528D96}.Release|iPhoneSimulator.Deploy.0 = Release|Any CPU
		{EE0F6761-A642-4B32-A823-77F017528D96}.Release|x86.ActiveCfg = Release|Any CPU
		{EE0F6761-A642-4B32-A823-77F017528D96}.Release|x86.Build.0 = Release|Any CPU
		{EE0F6761-A642-4B32-A823-77F017528D96}.Release|x86.Deploy.0 = Release|Any CPU
		{5C5098DF-28D0-409C-A355-234AFB6F34E5}.Ad-Hoc|Any CPU.ActiveCfg = Release|Any CPU
		{5C5098DF-28D0-409C-A355-234AFB6F34E5}.Ad-Hoc|Any CPU.Build.0 = Release|Any CPU
		{5C5098DF-28D0-409C-A355-234AFB6F34E5}.Ad-Hoc|Any CPU.Deploy.0 = Release|Any CPU
		{5C5098DF-28D0-409C-A355-234AFB6F34E5}.Ad-Hoc|ARM.ActiveCfg = Release|ARM
		{5C5098DF-28D0-409C-A355-234AFB6F34E5}.Ad-Hoc|ARM.Build.0 = Release|ARM
		{5C5098DF-28D0-409C-A355-234AFB6F34E5}.Ad-Hoc|ARM.Deploy.0 = Release|ARM
		{5C5098DF-28D0-409C-A355-234AFB6F34E5}.Ad-Hoc|iPhone.ActiveCfg = Release|Any CPU
		{5C5098DF-28D0-409C-A355-234AFB6F34E5}.Ad-Hoc|iPhone.Build.0 = Release|Any CPU
		{5C5098DF-28D0-409C-A355-234AFB6F34E5}.Ad-Hoc|iPhone.Deploy.0 = Release|Any CPU
		{5C5098DF-28D0-409C-A355-234AFB6F34E5}.Ad-Hoc|iPhoneSimulator.ActiveCfg = Release|Any CPU
		{5C5098DF-28D0-409C-A355-234AFB6F34E5}.Ad-Hoc|iPhoneSimulator.Build.0 = Release|Any CPU
		{5C5098DF-28D0-409C-A355-234AFB6F34E5}.Ad-Hoc|iPhoneSimulator.Deploy.0 = Release|Any CPU
		{5C5098DF-28D0-409C-A355-234AFB6F34E5}.Ad-Hoc|x86.ActiveCfg = Release|x86
		{5C5098DF-28D0-409C-A355-234AFB6F34E5}.Ad-Hoc|x86.Build.0 = Release|x86
		{5C5098DF-28D0-409C-A355-234AFB6F34E5}.Ad-Hoc|x86.Deploy.0 = Release|x86
		{5C5098DF-28D0-409C-A355-234AFB6F34E5}.AppStore|Any CPU.ActiveCfg = Release|Any CPU
		{5C5098DF-28D0-409C-A355-234AFB6F34E5}.AppStore|Any CPU.Build.0 = Release|Any CPU
		{5C5098DF-28D0-409C-A355-234AFB6F34E5}.AppStore|Any CPU.Deploy.0 = Release|Any CPU
		{5C5098DF-28D0-409C-A355-234AFB6F34E5}.AppStore|ARM.ActiveCfg = Release|ARM
		{5C5098DF-28D0-409C-A355-234AFB6F34E5}.AppStore|ARM.Build.0 = Release|ARM
		{5C5098DF-28D0-409C-A355-234AFB6F34E5}.AppStore|ARM.Deploy.0 = Release|ARM
		{5C5098DF-28D0-409C-A355-234AFB6F34E5}.AppStore|iPhone.ActiveCfg = Release|Any CPU
		{5C5098DF-28D0-409C-A355-234AFB6F34E5}.AppStore|iPhone.Build.0 = Release|Any CPU
		{5C5098DF-28D0-409C-A355-234AFB6F34E5}.AppStore|iPhone.Deploy.0 = Release|Any CPU
		{5C5098DF-28D0-409C-A355-234AFB6F34E5}.AppStore|iPhoneSimulator.ActiveCfg = Release|Any CPU
		{5C5098DF-28D0-409C-A355-234AFB6F34E5}.AppStore|iPhoneSimulator.Build.0 = Release|Any CPU
		{5C5098DF-28D0-409C-A355-234AFB6F34E5}.AppStore|iPhoneSimulator.Deploy.0 = Release|Any CPU
		{5C5098DF-28D0-409C-A355-234AFB6F34E5}.AppStore|x86.ActiveCfg = Release|x86
		{5C5098DF-28D0-409C-A355-234AFB6F34E5}.AppStore|x86.Build.0 = Release|x86
		{5C5098DF-28D0-409C-A355-234AFB6F34E5}.AppStore|x86.Deploy.0 = Release|x86
		{5C5098DF-28D0-409C-A355-234AFB6F34E5}.Debug|Any CPU.ActiveCfg = Debug|Any CPU
		{5C5098DF-28D0-409C-A355-234AFB6F34E5}.Debug|Any CPU.Build.0 = Debug|Any CPU
		{5C5098DF-28D0-409C-A355-234AFB6F34E5}.Debug|ARM.ActiveCfg = Debug|ARM
		{5C5098DF-28D0-409C-A355-234AFB6F34E5}.Debug|ARM.Build.0 = Debug|ARM
		{5C5098DF-28D0-409C-A355-234AFB6F34E5}.Debug|ARM.Deploy.0 = Debug|ARM
		{5C5098DF-28D0-409C-A355-234AFB6F34E5}.Debug|iPhone.ActiveCfg = Debug|Any CPU
		{5C5098DF-28D0-409C-A355-234AFB6F34E5}.Debug|iPhone.Build.0 = Debug|Any CPU
		{5C5098DF-28D0-409C-A355-234AFB6F34E5}.Debug|iPhoneSimulator.ActiveCfg = Debug|Any CPU
		{5C5098DF-28D0-409C-A355-234AFB6F34E5}.Debug|iPhoneSimulator.Build.0 = Debug|Any CPU
		{5C5098DF-28D0-409C-A355-234AFB6F34E5}.Debug|iPhoneSimulator.Deploy.0 = Debug|Any CPU
		{5C5098DF-28D0-409C-A355-234AFB6F34E5}.Debug|x86.ActiveCfg = Debug|x86
		{5C5098DF-28D0-409C-A355-234AFB6F34E5}.Debug|x86.Build.0 = Debug|x86
		{5C5098DF-28D0-409C-A355-234AFB6F34E5}.Debug|x86.Deploy.0 = Debug|x86
		{5C5098DF-28D0-409C-A355-234AFB6F34E5}.Release|Any CPU.ActiveCfg = Release|Any CPU
		{5C5098DF-28D0-409C-A355-234AFB6F34E5}.Release|Any CPU.Build.0 = Release|Any CPU
		{5C5098DF-28D0-409C-A355-234AFB6F34E5}.Release|Any CPU.Deploy.0 = Release|Any CPU
		{5C5098DF-28D0-409C-A355-234AFB6F34E5}.Release|ARM.ActiveCfg = Release|ARM
		{5C5098DF-28D0-409C-A355-234AFB6F34E5}.Release|ARM.Build.0 = Release|ARM
		{5C5098DF-28D0-409C-A355-234AFB6F34E5}.Release|ARM.Deploy.0 = Release|ARM
		{5C5098DF-28D0-409C-A355-234AFB6F34E5}.Release|iPhone.ActiveCfg = Release|Any CPU
		{5C5098DF-28D0-409C-A355-234AFB6F34E5}.Release|iPhone.Build.0 = Release|Any CPU
		{5C5098DF-28D0-409C-A355-234AFB6F34E5}.Release|iPhone.Deploy.0 = Release|Any CPU
		{5C5098DF-28D0-409C-A355-234AFB6F34E5}.Release|iPhoneSimulator.ActiveCfg = Release|Any CPU
		{5C5098DF-28D0-409C-A355-234AFB6F34E5}.Release|iPhoneSimulator.Build.0 = Release|Any CPU
		{5C5098DF-28D0-409C-A355-234AFB6F34E5}.Release|iPhoneSimulator.Deploy.0 = Release|Any CPU
		{5C5098DF-28D0-409C-A355-234AFB6F34E5}.Release|x86.ActiveCfg = Release|x86
		{5C5098DF-28D0-409C-A355-234AFB6F34E5}.Release|x86.Build.0 = Release|x86
		{5C5098DF-28D0-409C-A355-234AFB6F34E5}.Release|x86.Deploy.0 = Release|x86
		{DA8E9056-2E52-4029-81EB-A2D167614C47}.Ad-Hoc|Any CPU.ActiveCfg = Release|Any CPU
		{DA8E9056-2E52-4029-81EB-A2D167614C47}.Ad-Hoc|Any CPU.Build.0 = Release|Any CPU
		{DA8E9056-2E52-4029-81EB-A2D167614C47}.Ad-Hoc|ARM.ActiveCfg = Release|Any CPU
		{DA8E9056-2E52-4029-81EB-A2D167614C47}.Ad-Hoc|ARM.Build.0 = Release|Any CPU
		{DA8E9056-2E52-4029-81EB-A2D167614C47}.Ad-Hoc|iPhone.ActiveCfg = Release|Any CPU
		{DA8E9056-2E52-4029-81EB-A2D167614C47}.Ad-Hoc|iPhone.Build.0 = Release|Any CPU
		{DA8E9056-2E52-4029-81EB-A2D167614C47}.Ad-Hoc|iPhoneSimulator.ActiveCfg = Release|Any CPU
		{DA8E9056-2E52-4029-81EB-A2D167614C47}.Ad-Hoc|iPhoneSimulator.Build.0 = Release|Any CPU
		{DA8E9056-2E52-4029-81EB-A2D167614C47}.Ad-Hoc|x86.ActiveCfg = Release|Any CPU
		{DA8E9056-2E52-4029-81EB-A2D167614C47}.Ad-Hoc|x86.Build.0 = Release|Any CPU
		{DA8E9056-2E52-4029-81EB-A2D167614C47}.AppStore|Any CPU.ActiveCfg = Release|Any CPU
		{DA8E9056-2E52-4029-81EB-A2D167614C47}.AppStore|Any CPU.Build.0 = Release|Any CPU
		{DA8E9056-2E52-4029-81EB-A2D167614C47}.AppStore|ARM.ActiveCfg = Release|Any CPU
		{DA8E9056-2E52-4029-81EB-A2D167614C47}.AppStore|ARM.Build.0 = Release|Any CPU
		{DA8E9056-2E52-4029-81EB-A2D167614C47}.AppStore|iPhone.ActiveCfg = Release|Any CPU
		{DA8E9056-2E52-4029-81EB-A2D167614C47}.AppStore|iPhone.Build.0 = Release|Any CPU
		{DA8E9056-2E52-4029-81EB-A2D167614C47}.AppStore|iPhoneSimulator.ActiveCfg = Release|Any CPU
		{DA8E9056-2E52-4029-81EB-A2D167614C47}.AppStore|iPhoneSimulator.Build.0 = Release|Any CPU
		{DA8E9056-2E52-4029-81EB-A2D167614C47}.AppStore|x86.ActiveCfg = Release|Any CPU
		{DA8E9056-2E52-4029-81EB-A2D167614C47}.AppStore|x86.Build.0 = Release|Any CPU
		{DA8E9056-2E52-4029-81EB-A2D167614C47}.Debug|Any CPU.ActiveCfg = Debug|Any CPU
		{DA8E9056-2E52-4029-81EB-A2D167614C47}.Debug|Any CPU.Build.0 = Debug|Any CPU
		{DA8E9056-2E52-4029-81EB-A2D167614C47}.Debug|ARM.ActiveCfg = Debug|Any CPU
		{DA8E9056-2E52-4029-81EB-A2D167614C47}.Debug|ARM.Build.0 = Debug|Any CPU
		{DA8E9056-2E52-4029-81EB-A2D167614C47}.Debug|iPhone.ActiveCfg = Debug|Any CPU
		{DA8E9056-2E52-4029-81EB-A2D167614C47}.Debug|iPhone.Build.0 = Debug|Any CPU
		{DA8E9056-2E52-4029-81EB-A2D167614C47}.Debug|iPhoneSimulator.ActiveCfg = Debug|Any CPU
		{DA8E9056-2E52-4029-81EB-A2D167614C47}.Debug|iPhoneSimulator.Build.0 = Debug|Any CPU
		{DA8E9056-2E52-4029-81EB-A2D167614C47}.Debug|x86.ActiveCfg = Debug|Any CPU
		{DA8E9056-2E52-4029-81EB-A2D167614C47}.Debug|x86.Build.0 = Debug|Any CPU
		{DA8E9056-2E52-4029-81EB-A2D167614C47}.Release|Any CPU.ActiveCfg = Release|Any CPU
		{DA8E9056-2E52-4029-81EB-A2D167614C47}.Release|Any CPU.Build.0 = Release|Any CPU
		{DA8E9056-2E52-4029-81EB-A2D167614C47}.Release|ARM.ActiveCfg = Release|Any CPU
		{DA8E9056-2E52-4029-81EB-A2D167614C47}.Release|ARM.Build.0 = Release|Any CPU
		{DA8E9056-2E52-4029-81EB-A2D167614C47}.Release|iPhone.ActiveCfg = Release|Any CPU
		{DA8E9056-2E52-4029-81EB-A2D167614C47}.Release|iPhone.Build.0 = Release|Any CPU
		{DA8E9056-2E52-4029-81EB-A2D167614C47}.Release|iPhoneSimulator.ActiveCfg = Release|Any CPU
		{DA8E9056-2E52-4029-81EB-A2D167614C47}.Release|iPhoneSimulator.Build.0 = Release|Any CPU
		{DA8E9056-2E52-4029-81EB-A2D167614C47}.Release|x86.ActiveCfg = Release|Any CPU
		{DA8E9056-2E52-4029-81EB-A2D167614C47}.Release|x86.Build.0 = Release|Any CPU
		{4D1F98C7-6827-4F99-B676-F5C9AF632609}.Ad-Hoc|Any CPU.ActiveCfg = Release|Any CPU
		{4D1F98C7-6827-4F99-B676-F5C9AF632609}.Ad-Hoc|Any CPU.Build.0 = Release|Any CPU
		{4D1F98C7-6827-4F99-B676-F5C9AF632609}.Ad-Hoc|ARM.ActiveCfg = Release|Any CPU
		{4D1F98C7-6827-4F99-B676-F5C9AF632609}.Ad-Hoc|ARM.Build.0 = Release|Any CPU
		{4D1F98C7-6827-4F99-B676-F5C9AF632609}.Ad-Hoc|iPhone.ActiveCfg = Release|Any CPU
		{4D1F98C7-6827-4F99-B676-F5C9AF632609}.Ad-Hoc|iPhone.Build.0 = Release|Any CPU
		{4D1F98C7-6827-4F99-B676-F5C9AF632609}.Ad-Hoc|iPhoneSimulator.ActiveCfg = Release|Any CPU
		{4D1F98C7-6827-4F99-B676-F5C9AF632609}.Ad-Hoc|iPhoneSimulator.Build.0 = Release|Any CPU
		{4D1F98C7-6827-4F99-B676-F5C9AF632609}.Ad-Hoc|x86.ActiveCfg = Release|Any CPU
		{4D1F98C7-6827-4F99-B676-F5C9AF632609}.Ad-Hoc|x86.Build.0 = Release|Any CPU
		{4D1F98C7-6827-4F99-B676-F5C9AF632609}.AppStore|Any CPU.ActiveCfg = Release|Any CPU
		{4D1F98C7-6827-4F99-B676-F5C9AF632609}.AppStore|Any CPU.Build.0 = Release|Any CPU
		{4D1F98C7-6827-4F99-B676-F5C9AF632609}.AppStore|ARM.ActiveCfg = Release|Any CPU
		{4D1F98C7-6827-4F99-B676-F5C9AF632609}.AppStore|ARM.Build.0 = Release|Any CPU
		{4D1F98C7-6827-4F99-B676-F5C9AF632609}.AppStore|iPhone.ActiveCfg = Release|Any CPU
		{4D1F98C7-6827-4F99-B676-F5C9AF632609}.AppStore|iPhone.Build.0 = Release|Any CPU
		{4D1F98C7-6827-4F99-B676-F5C9AF632609}.AppStore|iPhoneSimulator.ActiveCfg = Release|Any CPU
		{4D1F98C7-6827-4F99-B676-F5C9AF632609}.AppStore|iPhoneSimulator.Build.0 = Release|Any CPU
		{4D1F98C7-6827-4F99-B676-F5C9AF632609}.AppStore|x86.ActiveCfg = Release|Any CPU
		{4D1F98C7-6827-4F99-B676-F5C9AF632609}.AppStore|x86.Build.0 = Release|Any CPU
		{4D1F98C7-6827-4F99-B676-F5C9AF632609}.Debug|Any CPU.ActiveCfg = Debug|Any CPU
		{4D1F98C7-6827-4F99-B676-F5C9AF632609}.Debug|Any CPU.Build.0 = Debug|Any CPU
		{4D1F98C7-6827-4F99-B676-F5C9AF632609}.Debug|ARM.ActiveCfg = Debug|Any CPU
		{4D1F98C7-6827-4F99-B676-F5C9AF632609}.Debug|ARM.Build.0 = Debug|Any CPU
		{4D1F98C7-6827-4F99-B676-F5C9AF632609}.Debug|iPhone.ActiveCfg = Debug|Any CPU
		{4D1F98C7-6827-4F99-B676-F5C9AF632609}.Debug|iPhone.Build.0 = Debug|Any CPU
		{4D1F98C7-6827-4F99-B676-F5C9AF632609}.Debug|iPhoneSimulator.ActiveCfg = Debug|Any CPU
		{4D1F98C7-6827-4F99-B676-F5C9AF632609}.Debug|iPhoneSimulator.Build.0 = Debug|Any CPU
		{4D1F98C7-6827-4F99-B676-F5C9AF632609}.Debug|x86.ActiveCfg = Debug|Any CPU
		{4D1F98C7-6827-4F99-B676-F5C9AF632609}.Debug|x86.Build.0 = Debug|Any CPU
		{4D1F98C7-6827-4F99-B676-F5C9AF632609}.Release|Any CPU.ActiveCfg = Release|Any CPU
		{4D1F98C7-6827-4F99-B676-F5C9AF632609}.Release|Any CPU.Build.0 = Release|Any CPU
		{4D1F98C7-6827-4F99-B676-F5C9AF632609}.Release|ARM.ActiveCfg = Release|Any CPU
		{4D1F98C7-6827-4F99-B676-F5C9AF632609}.Release|ARM.Build.0 = Release|Any CPU
		{4D1F98C7-6827-4F99-B676-F5C9AF632609}.Release|iPhone.ActiveCfg = Release|Any CPU
		{4D1F98C7-6827-4F99-B676-F5C9AF632609}.Release|iPhone.Build.0 = Release|Any CPU
		{4D1F98C7-6827-4F99-B676-F5C9AF632609}.Release|iPhoneSimulator.ActiveCfg = Release|Any CPU
		{4D1F98C7-6827-4F99-B676-F5C9AF632609}.Release|iPhoneSimulator.Build.0 = Release|Any CPU
		{4D1F98C7-6827-4F99-B676-F5C9AF632609}.Release|x86.ActiveCfg = Release|Any CPU
		{4D1F98C7-6827-4F99-B676-F5C9AF632609}.Release|x86.Build.0 = Release|Any CPU
		{03A1514E-AC4D-4545-9219-8D1F1A92EFEB}.Ad-Hoc|Any CPU.ActiveCfg = Release|Any CPU
		{03A1514E-AC4D-4545-9219-8D1F1A92EFEB}.Ad-Hoc|Any CPU.Build.0 = Release|Any CPU
		{03A1514E-AC4D-4545-9219-8D1F1A92EFEB}.Ad-Hoc|ARM.ActiveCfg = Release|Any CPU
		{03A1514E-AC4D-4545-9219-8D1F1A92EFEB}.Ad-Hoc|ARM.Build.0 = Release|Any CPU
		{03A1514E-AC4D-4545-9219-8D1F1A92EFEB}.Ad-Hoc|iPhone.ActiveCfg = Release|Any CPU
		{03A1514E-AC4D-4545-9219-8D1F1A92EFEB}.Ad-Hoc|iPhone.Build.0 = Release|Any CPU
		{03A1514E-AC4D-4545-9219-8D1F1A92EFEB}.Ad-Hoc|iPhoneSimulator.ActiveCfg = Release|Any CPU
		{03A1514E-AC4D-4545-9219-8D1F1A92EFEB}.Ad-Hoc|iPhoneSimulator.Build.0 = Release|Any CPU
		{03A1514E-AC4D-4545-9219-8D1F1A92EFEB}.Ad-Hoc|x86.ActiveCfg = Release|Any CPU
		{03A1514E-AC4D-4545-9219-8D1F1A92EFEB}.Ad-Hoc|x86.Build.0 = Release|Any CPU
		{03A1514E-AC4D-4545-9219-8D1F1A92EFEB}.AppStore|Any CPU.ActiveCfg = Release|Any CPU
		{03A1514E-AC4D-4545-9219-8D1F1A92EFEB}.AppStore|Any CPU.Build.0 = Release|Any CPU
		{03A1514E-AC4D-4545-9219-8D1F1A92EFEB}.AppStore|ARM.ActiveCfg = Release|Any CPU
		{03A1514E-AC4D-4545-9219-8D1F1A92EFEB}.AppStore|ARM.Build.0 = Release|Any CPU
		{03A1514E-AC4D-4545-9219-8D1F1A92EFEB}.AppStore|iPhone.ActiveCfg = Release|Any CPU
		{03A1514E-AC4D-4545-9219-8D1F1A92EFEB}.AppStore|iPhone.Build.0 = Release|Any CPU
		{03A1514E-AC4D-4545-9219-8D1F1A92EFEB}.AppStore|iPhoneSimulator.ActiveCfg = Release|Any CPU
		{03A1514E-AC4D-4545-9219-8D1F1A92EFEB}.AppStore|iPhoneSimulator.Build.0 = Release|Any CPU
		{03A1514E-AC4D-4545-9219-8D1F1A92EFEB}.AppStore|x86.ActiveCfg = Release|Any CPU
		{03A1514E-AC4D-4545-9219-8D1F1A92EFEB}.AppStore|x86.Build.0 = Release|Any CPU
		{03A1514E-AC4D-4545-9219-8D1F1A92EFEB}.Debug|Any CPU.ActiveCfg = Debug|Any CPU
		{03A1514E-AC4D-4545-9219-8D1F1A92EFEB}.Debug|Any CPU.Build.0 = Debug|Any CPU
		{03A1514E-AC4D-4545-9219-8D1F1A92EFEB}.Debug|ARM.ActiveCfg = Debug|Any CPU
		{03A1514E-AC4D-4545-9219-8D1F1A92EFEB}.Debug|ARM.Build.0 = Debug|Any CPU
		{03A1514E-AC4D-4545-9219-8D1F1A92EFEB}.Debug|iPhone.ActiveCfg = Debug|Any CPU
		{03A1514E-AC4D-4545-9219-8D1F1A92EFEB}.Debug|iPhone.Build.0 = Debug|Any CPU
		{03A1514E-AC4D-4545-9219-8D1F1A92EFEB}.Debug|iPhoneSimulator.ActiveCfg = Debug|Any CPU
		{03A1514E-AC4D-4545-9219-8D1F1A92EFEB}.Debug|iPhoneSimulator.Build.0 = Debug|Any CPU
		{03A1514E-AC4D-4545-9219-8D1F1A92EFEB}.Debug|x86.ActiveCfg = Debug|Any CPU
		{03A1514E-AC4D-4545-9219-8D1F1A92EFEB}.Debug|x86.Build.0 = Debug|Any CPU
		{03A1514E-AC4D-4545-9219-8D1F1A92EFEB}.Release|Any CPU.ActiveCfg = Release|Any CPU
		{03A1514E-AC4D-4545-9219-8D1F1A92EFEB}.Release|Any CPU.Build.0 = Release|Any CPU
		{03A1514E-AC4D-4545-9219-8D1F1A92EFEB}.Release|ARM.ActiveCfg = Release|Any CPU
		{03A1514E-AC4D-4545-9219-8D1F1A92EFEB}.Release|ARM.Build.0 = Release|Any CPU
		{03A1514E-AC4D-4545-9219-8D1F1A92EFEB}.Release|iPhone.ActiveCfg = Release|Any CPU
		{03A1514E-AC4D-4545-9219-8D1F1A92EFEB}.Release|iPhone.Build.0 = Release|Any CPU
		{03A1514E-AC4D-4545-9219-8D1F1A92EFEB}.Release|iPhoneSimulator.ActiveCfg = Release|Any CPU
		{03A1514E-AC4D-4545-9219-8D1F1A92EFEB}.Release|iPhoneSimulator.Build.0 = Release|Any CPU
		{03A1514E-AC4D-4545-9219-8D1F1A92EFEB}.Release|x86.ActiveCfg = Release|Any CPU
		{03A1514E-AC4D-4545-9219-8D1F1A92EFEB}.Release|x86.Build.0 = Release|Any CPU
	EndGlobalSection
	GlobalSection(SolutionProperties) = preSolution
		HideSolutionNode = FALSE
	EndGlobalSection
EndGlobal
